// !$*UTF8*$!
{
	archiveVersion = 1;
	classes = {
	};
	objectVersion = 77;
	objects = {

/* Begin PBXContainerItemProxy section */
		29798ED92D7BB1540095F998 /* PBXContainerItemProxy */ = {
			isa = PBXContainerItemProxy;
			containerPortal = 29798EC02D7BB1520095F998 /* Project object */;
			proxyType = 1;
			remoteGlobalIDString = 29798EC72D7BB1520095F998;
			remoteInfo = Unplugged;
		};
		29798EE32D7BB1540095F998 /* PBXContainerItemProxy */ = {
			isa = PBXContainerItemProxy;
			containerPortal = 29798EC02D7BB1520095F998 /* Project object */;
			proxyType = 1;
			remoteGlobalIDString = 29798EC72D7BB1520095F998;
			remoteInfo = Unplugged;
		};
/* End PBXContainerItemProxy section */

/* Begin PBXFileReference section */
		29798EC82D7BB1520095F998 /* Unplugged.app */ = {isa = PBXFileReference; explicitFileType = wrapper.application; includeInIndex = 0; path = Unplugged.app; sourceTree = BUILT_PRODUCTS_DIR; };
		29798ED82D7BB1540095F998 /* UnpluggedTests.xctest */ = {isa = PBXFileReference; explicitFileType = wrapper.cfbundle; includeInIndex = 0; path = UnpluggedTests.xctest; sourceTree = BUILT_PRODUCTS_DIR; };
		29798EE22D7BB1540095F998 /* UnpluggedUITests.xctest */ = {isa = PBXFileReference; explicitFileType = wrapper.cfbundle; includeInIndex = 0; path = UnpluggedUITests.xctest; sourceTree = BUILT_PRODUCTS_DIR; };
/* End PBXFileReference section */

/* Begin PBXFileSystemSynchronizedRootGroup section */
		29798ECA2D7BB1520095F998 /* Unplugged */ = {
			isa = PBXFileSystemSynchronizedRootGroup;
			path = Unplugged;
			sourceTree = "<group>";
		};
		29798EDB2D7BB1540095F998 /* UnpluggedTests */ = {
			isa = PBXFileSystemSynchronizedRootGroup;
			path = UnpluggedTests;
			sourceTree = "<group>";
		};
		29798EE52D7BB1540095F998 /* UnpluggedUITests */ = {
			isa = PBXFileSystemSynchronizedRootGroup;
			path = UnpluggedUITests;
			sourceTree = "<group>";
		};
/* End PBXFileSystemSynchronizedRootGroup section */

/* Begin PBXFrameworksBuildPhase section */
		29798EC52D7BB1520095F998 /* Frameworks */ = {
			isa = PBXFrameworksBuildPhase;
			buildActionMask = 2147483647;
			files = (
			);
			runOnlyForDeploymentPostprocessing = 0;
		};
		29798ED52D7BB1540095F998 /* Frameworks */ = {
			isa = PBXFrameworksBuildPhase;
			buildActionMask = 2147483647;
			files = (
			);
			runOnlyForDeploymentPostprocessing = 0;
		};
		29798EDF2D7BB1540095F998 /* Frameworks */ = {
			isa = PBXFrameworksBuildPhase;
			buildActionMask = 2147483647;
			files = (
			);
			runOnlyForDeploymentPostprocessing = 0;
		};
/* End PBXFrameworksBuildPhase section */

/* Begin PBXGroup section */
		29798EBF2D7BB1520095F998 = {
			isa = PBXGroup;
			children = (
				29798ECA2D7BB1520095F998 /* Unplugged */,
				29798EDB2D7BB1540095F998 /* UnpluggedTests */,
				29798EE52D7BB1540095F998 /* UnpluggedUITests */,
				29798EC92D7BB1520095F998 /* Products */,
			);
			sourceTree = "<group>";
		};
		29798EC92D7BB1520095F998 /* Products */ = {
			isa = PBXGroup;
			children = (
				29798EC82D7BB1520095F998 /* Unplugged.app */,
				29798ED82D7BB1540095F998 /* UnpluggedTests.xctest */,
				29798EE22D7BB1540095F998 /* UnpluggedUITests.xctest */,
			);
			name = Products;
			sourceTree = "<group>";
		};
/* End PBXGroup section */

/* Begin PBXNativeTarget section */
		29798EC72D7BB1520095F998 /* Unplugged */ = {
			isa = PBXNativeTarget;
			buildConfigurationList = 29798EEC2D7BB1540095F998 /* Build configuration list for PBXNativeTarget "Unplugged" */;
			buildPhases = (
				29798EC42D7BB1520095F998 /* Sources */,
				29798EC52D7BB1520095F998 /* Frameworks */,
				29798EC62D7BB1520095F998 /* Resources */,
			);
			buildRules = (
			);
			dependencies = (
			);
			fileSystemSynchronizedGroups = (
				29798ECA2D7BB1520095F998 /* Unplugged */,
			);
			name = Unplugged;
			packageProductDependencies = (
			);
			productName = Unplugged;
			productReference = 29798EC82D7BB1520095F998 /* Unplugged.app */;
			productType = "com.apple.product-type.application";
		};
		29798ED72D7BB1540095F998 /* UnpluggedTests */ = {
			isa = PBXNativeTarget;
			buildConfigurationList = 29798EEF2D7BB1540095F998 /* Build configuration list for PBXNativeTarget "UnpluggedTests" */;
			buildPhases = (
				29798ED42D7BB1540095F998 /* Sources */,
				29798ED52D7BB1540095F998 /* Frameworks */,
				29798ED62D7BB1540095F998 /* Resources */,
			);
			buildRules = (
			);
			dependencies = (
				29798EDA2D7BB1540095F998 /* PBXTargetDependency */,
			);
			fileSystemSynchronizedGroups = (
				29798EDB2D7BB1540095F998 /* UnpluggedTests */,
			);
			name = UnpluggedTests;
			packageProductDependencies = (
			);
			productName = UnpluggedTests;
			productReference = 29798ED82D7BB1540095F998 /* UnpluggedTests.xctest */;
			productType = "com.apple.product-type.bundle.unit-test";
		};
		29798EE12D7BB1540095F998 /* UnpluggedUITests */ = {
			isa = PBXNativeTarget;
			buildConfigurationList = 29798EF22D7BB1540095F998 /* Build configuration list for PBXNativeTarget "UnpluggedUITests" */;
			buildPhases = (
				29798EDE2D7BB1540095F998 /* Sources */,
				29798EDF2D7BB1540095F998 /* Frameworks */,
				29798EE02D7BB1540095F998 /* Resources */,
			);
			buildRules = (
			);
			dependencies = (
				29798EE42D7BB1540095F998 /* PBXTargetDependency */,
			);
			fileSystemSynchronizedGroups = (
				29798EE52D7BB1540095F998 /* UnpluggedUITests */,
			);
			name = UnpluggedUITests;
			packageProductDependencies = (
			);
			productName = UnpluggedUITests;
			productReference = 29798EE22D7BB1540095F998 /* UnpluggedUITests.xctest */;
			productType = "com.apple.product-type.bundle.ui-testing";
		};
/* End PBXNativeTarget section */

/* Begin PBXProject section */
		29798EC02D7BB1520095F998 /* Project object */ = {
			isa = PBXProject;
			attributes = {
				BuildIndependentTargetsInParallel = 1;
				LastSwiftUpdateCheck = 1620;
				LastUpgradeCheck = 1620;
				TargetAttributes = {
					29798EC72D7BB1520095F998 = {
						CreatedOnToolsVersion = 16.2;
					};
					29798ED72D7BB1540095F998 = {
						CreatedOnToolsVersion = 16.2;
						TestTargetID = 29798EC72D7BB1520095F998;
					};
					29798EE12D7BB1540095F998 = {
						CreatedOnToolsVersion = 16.2;
						TestTargetID = 29798EC72D7BB1520095F998;
					};
				};
			};
			buildConfigurationList = 29798EC32D7BB1520095F998 /* Build configuration list for PBXProject "Unplugged" */;
			developmentRegion = en;
			hasScannedForEncodings = 0;
			knownRegions = (
				en,
				Base,
			);
			mainGroup = 29798EBF2D7BB1520095F998;
			minimizedProjectReferenceProxies = 1;
			preferredProjectObjectVersion = 77;
			productRefGroup = 29798EC92D7BB1520095F998 /* Products */;
			projectDirPath = "";
			projectRoot = "";
			targets = (
				29798EC72D7BB1520095F998 /* Unplugged */,
				29798ED72D7BB1540095F998 /* UnpluggedTests */,
				29798EE12D7BB1540095F998 /* UnpluggedUITests */,
			);
		};
/* End PBXProject section */

/* Begin PBXResourcesBuildPhase section */
		29798EC62D7BB1520095F998 /* Resources */ = {
			isa = PBXResourcesBuildPhase;
			buildActionMask = 2147483647;
			files = (
			);
			runOnlyForDeploymentPostprocessing = 0;
		};
		29798ED62D7BB1540095F998 /* Resources */ = {
			isa = PBXResourcesBuildPhase;
			buildActionMask = 2147483647;
			files = (
			);
			runOnlyForDeploymentPostprocessing = 0;
		};
		29798EE02D7BB1540095F998 /* Resources */ = {
			isa = PBXResourcesBuildPhase;
			buildActionMask = 2147483647;
			files = (
			);
			runOnlyForDeploymentPostprocessing = 0;
		};
/* End PBXResourcesBuildPhase section */

/* Begin PBXSourcesBuildPhase section */
		29798EC42D7BB1520095F998 /* Sources */ = {
			isa = PBXSourcesBuildPhase;
			buildActionMask = 2147483647;
			files = (
			);
			runOnlyForDeploymentPostprocessing = 0;
		};
		29798ED42D7BB1540095F998 /* Sources */ = {
			isa = PBXSourcesBuildPhase;
			buildActionMask = 2147483647;
			files = (
			);
			runOnlyForDeploymentPostprocessing = 0;
		};
		29798EDE2D7BB1540095F998 /* Sources */ = {
			isa = PBXSourcesBuildPhase;
			buildActionMask = 2147483647;
			files = (
			);
			runOnlyForDeploymentPostprocessing = 0;
		};
/* End PBXSourcesBuildPhase section */

/* Begin PBXTargetDependency section */
		29798EDA2D7BB1540095F998 /* PBXTargetDependency */ = {
			isa = PBXTargetDependency;
			target = 29798EC72D7BB1520095F998 /* Unplugged */;
			targetProxy = 29798ED92D7BB1540095F998 /* PBXContainerItemProxy */;
		};
		29798EE42D7BB1540095F998 /* PBXTargetDependency */ = {
			isa = PBXTargetDependency;
			target = 29798EC72D7BB1520095F998 /* Unplugged */;
			targetProxy = 29798EE32D7BB1540095F998 /* PBXContainerItemProxy */;
		};
/* End PBXTargetDependency section */

/* Begin XCBuildConfiguration section */
		29798EEA2D7BB1540095F998 /* Debug */ = {
			isa = XCBuildConfiguration;
			buildSettings = {
				ALWAYS_SEARCH_USER_PATHS = NO;
				ASSETCATALOG_COMPILER_GENERATE_SWIFT_ASSET_SYMBOL_EXTENSIONS = YES;
				CLANG_ANALYZER_NONNULL = YES;
				CLANG_ANALYZER_NUMBER_OBJECT_CONVERSION = YES_AGGRESSIVE;
				CLANG_CXX_LANGUAGE_STANDARD = "gnu++20";
				CLANG_ENABLE_MODULES = YES;
				CLANG_ENABLE_OBJC_ARC = YES;
				CLANG_ENABLE_OBJC_WEAK = YES;
				CLANG_WARN_BLOCK_CAPTURE_AUTORELEASING = YES;
				CLANG_WARN_BOOL_CONVERSION = YES;
				CLANG_WARN_COMMA = YES;
				CLANG_WARN_CONSTANT_CONVERSION = YES;
				CLANG_WARN_DEPRECATED_OBJC_IMPLEMENTATIONS = YES;
				CLANG_WARN_DIRECT_OBJC_ISA_USAGE = YES_ERROR;
				CLANG_WARN_DOCUMENTATION_COMMENTS = YES;
				CLANG_WARN_EMPTY_BODY = YES;
				CLANG_WARN_ENUM_CONVERSION = YES;
				CLANG_WARN_INFINITE_RECURSION = YES;
				CLANG_WARN_INT_CONVERSION = YES;
				CLANG_WARN_NON_LITERAL_NULL_CONVERSION = YES;
				CLANG_WARN_OBJC_IMPLICIT_RETAIN_SELF = YES;
				CLANG_WARN_OBJC_LITERAL_CONVERSION = YES;
				CLANG_WARN_OBJC_ROOT_CLASS = YES_ERROR;
				CLANG_WARN_QUOTED_INCLUDE_IN_FRAMEWORK_HEADER = YES;
				CLANG_WARN_RANGE_LOOP_ANALYSIS = YES;
				CLANG_WARN_STRICT_PROTOTYPES = YES;
				CLANG_WARN_SUSPICIOUS_MOVE = YES;
				CLANG_WARN_UNGUARDED_AVAILABILITY = YES_AGGRESSIVE;
				CLANG_WARN_UNREACHABLE_CODE = YES;
				CLANG_WARN__DUPLICATE_METHOD_MATCH = YES;
				COPY_PHASE_STRIP = NO;
				DEBUG_INFORMATION_FORMAT = dwarf;
				ENABLE_STRICT_OBJC_MSGSEND = YES;
				ENABLE_TESTABILITY = YES;
				ENABLE_USER_SCRIPT_SANDBOXING = YES;
				GCC_C_LANGUAGE_STANDARD = gnu17;
				GCC_DYNAMIC_NO_PIC = NO;
				GCC_NO_COMMON_BLOCKS = YES;
				GCC_OPTIMIZATION_LEVEL = 0;
				GCC_PREPROCESSOR_DEFINITIONS = (
					"DEBUG=1",
					"$(inherited)",
				);
				GCC_WARN_64_TO_32_BIT_CONVERSION = YES;
				GCC_WARN_ABOUT_RETURN_TYPE = YES_ERROR;
				GCC_WARN_UNDECLARED_SELECTOR = YES;
				GCC_WARN_UNINITIALIZED_AUTOS = YES_AGGRESSIVE;
				GCC_WARN_UNUSED_FUNCTION = YES;
				GCC_WARN_UNUSED_VARIABLE = YES;
				IPHONEOS_DEPLOYMENT_TARGET = 18.2;
				LOCALIZATION_PREFERS_STRING_CATALOGS = YES;
				MTL_ENABLE_DEBUG_INFO = INCLUDE_SOURCE;
				MTL_FAST_MATH = YES;
				ONLY_ACTIVE_ARCH = YES;
				SDKROOT = iphoneos;
				SWIFT_ACTIVE_COMPILATION_CONDITIONS = "DEBUG $(inherited)";
				SWIFT_OPTIMIZATION_LEVEL = "-Onone";
			};
			name = Debug;
		};
		29798EEB2D7BB1540095F998 /* Release */ = {
			isa = XCBuildConfiguration;
			buildSettings = {
				ALWAYS_SEARCH_USER_PATHS = NO;
				ASSETCATALOG_COMPILER_GENERATE_SWIFT_ASSET_SYMBOL_EXTENSIONS = YES;
				CLANG_ANALYZER_NONNULL = YES;
				CLANG_ANALYZER_NUMBER_OBJECT_CONVERSION = YES_AGGRESSIVE;
				CLANG_CXX_LANGUAGE_STANDARD = "gnu++20";
				CLANG_ENABLE_MODULES = YES;
				CLANG_ENABLE_OBJC_ARC = YES;
				CLANG_ENABLE_OBJC_WEAK = YES;
				CLANG_WARN_BLOCK_CAPTURE_AUTORELEASING = YES;
				CLANG_WARN_BOOL_CONVERSION = YES;
				CLANG_WARN_COMMA = YES;
				CLANG_WARN_CONSTANT_CONVERSION = YES;
				CLANG_WARN_DEPRECATED_OBJC_IMPLEMENTATIONS = YES;
				CLANG_WARN_DIRECT_OBJC_ISA_USAGE = YES_ERROR;
				CLANG_WARN_DOCUMENTATION_COMMENTS = YES;
				CLANG_WARN_EMPTY_BODY = YES;
				CLANG_WARN_ENUM_CONVERSION = YES;
				CLANG_WARN_INFINITE_RECURSION = YES;
				CLANG_WARN_INT_CONVERSION = YES;
				CLANG_WARN_NON_LITERAL_NULL_CONVERSION = YES;
				CLANG_WARN_OBJC_IMPLICIT_RETAIN_SELF = YES;
				CLANG_WARN_OBJC_LITERAL_CONVERSION = YES;
				CLANG_WARN_OBJC_ROOT_CLASS = YES_ERROR;
				CLANG_WARN_QUOTED_INCLUDE_IN_FRAMEWORK_HEADER = YES;
				CLANG_WARN_RANGE_LOOP_ANALYSIS = YES;
				CLANG_WARN_STRICT_PROTOTYPES = YES;
				CLANG_WARN_SUSPICIOUS_MOVE = YES;
				CLANG_WARN_UNGUARDED_AVAILABILITY = YES_AGGRESSIVE;
				CLANG_WARN_UNREACHABLE_CODE = YES;
				CLANG_WARN__DUPLICATE_METHOD_MATCH = YES;
				COPY_PHASE_STRIP = NO;
				DEBUG_INFORMATION_FORMAT = "dwarf-with-dsym";
				ENABLE_NS_ASSERTIONS = NO;
				ENABLE_STRICT_OBJC_MSGSEND = YES;
				ENABLE_USER_SCRIPT_SANDBOXING = YES;
				GCC_C_LANGUAGE_STANDARD = gnu17;
				GCC_NO_COMMON_BLOCKS = YES;
				GCC_WARN_64_TO_32_BIT_CONVERSION = YES;
				GCC_WARN_ABOUT_RETURN_TYPE = YES_ERROR;
				GCC_WARN_UNDECLARED_SELECTOR = YES;
				GCC_WARN_UNINITIALIZED_AUTOS = YES_AGGRESSIVE;
				GCC_WARN_UNUSED_FUNCTION = YES;
				GCC_WARN_UNUSED_VARIABLE = YES;
				IPHONEOS_DEPLOYMENT_TARGET = 18.2;
				LOCALIZATION_PREFERS_STRING_CATALOGS = YES;
				MTL_ENABLE_DEBUG_INFO = NO;
				MTL_FAST_MATH = YES;
				SDKROOT = iphoneos;
				SWIFT_COMPILATION_MODE = wholemodule;
				VALIDATE_PRODUCT = YES;
			};
			name = Release;
		};
		29798EED2D7BB1540095F998 /* Debug */ = {
			isa = XCBuildConfiguration;
			buildSettings = {
				ASSETCATALOG_COMPILER_APPICON_NAME = AppIcon;
				ASSETCATALOG_COMPILER_GLOBAL_ACCENT_COLOR_NAME = AccentColor;
				CODE_SIGN_STYLE = Automatic;
				CURRENT_PROJECT_VERSION = 1;
				DEVELOPMENT_ASSET_PATHS = "\"Unplugged/Preview Content\"";
				DEVELOPMENT_TEAM = MQR29JMG4D;
				ENABLE_PREVIEWS = YES;
				GENERATE_INFOPLIST_FILE = YES;
				INFOPLIST_KEY_UIApplicationSceneManifest_Generation = YES;
				INFOPLIST_KEY_UIApplicationSupportsIndirectInputEvents = YES;
				INFOPLIST_KEY_UILaunchScreen_Generation = YES;
				INFOPLIST_KEY_UISupportedInterfaceOrientations_iPad = "UIInterfaceOrientationPortrait UIInterfaceOrientationPortraitUpsideDown UIInterfaceOrientationLandscapeLeft UIInterfaceOrientationLandscapeRight";
				INFOPLIST_KEY_UISupportedInterfaceOrientations_iPhone = "UIInterfaceOrientationPortrait UIInterfaceOrientationLandscapeLeft UIInterfaceOrientationLandscapeRight";
				LD_RUNPATH_SEARCH_PATHS = (
					"$(inherited)",
					"@executable_path/Frameworks",
				);
				MARKETING_VERSION = 1.0;
				PRODUCT_BUNDLE_IDENTIFIER = roboduo.Unplugged;
				PRODUCT_NAME = "$(TARGET_NAME)";
				SWIFT_EMIT_LOC_STRINGS = YES;
				SWIFT_VERSION = 5.0;
				TARGETED_DEVICE_FAMILY = "1,2";
			};
			name = Debug;
		};
		29798EEE2D7BB1540095F998 /* Release */ = {
			isa = XCBuildConfiguration;
			buildSettings = {
				ASSETCATALOG_COMPILER_APPICON_NAME = AppIcon;
				ASSETCATALOG_COMPILER_GLOBAL_ACCENT_COLOR_NAME = AccentColor;
				CODE_SIGN_STYLE = Automatic;
				CURRENT_PROJECT_VERSION = 1;
				DEVELOPMENT_ASSET_PATHS = "\"Unplugged/Preview Content\"";
				DEVELOPMENT_TEAM = MQR29JMG4D;
				ENABLE_PREVIEWS = YES;
				GENERATE_INFOPLIST_FILE = YES;
				INFOPLIST_KEY_UIApplicationSceneManifest_Generation = YES;
				INFOPLIST_KEY_UIApplicationSupportsIndirectInputEvents = YES;
				INFOPLIST_KEY_UILaunchScreen_Generation = YES;
				INFOPLIST_KEY_UISupportedInterfaceOrientations_iPad = "UIInterfaceOrientationPortrait UIInterfaceOrientationPortraitUpsideDown UIInterfaceOrientationLandscapeLeft UIInterfaceOrientationLandscapeRight";
				INFOPLIST_KEY_UISupportedInterfaceOrientations_iPhone = "UIInterfaceOrientationPortrait UIInterfaceOrientationLandscapeLeft UIInterfaceOrientationLandscapeRight";
				LD_RUNPATH_SEARCH_PATHS = (
					"$(inherited)",
					"@executable_path/Frameworks",
				);
				MARKETING_VERSION = 1.0;
				PRODUCT_BUNDLE_IDENTIFIER = roboduo.Unplugged;
				PRODUCT_NAME = "$(TARGET_NAME)";
				SWIFT_EMIT_LOC_STRINGS = YES;
				SWIFT_VERSION = 5.0;
				TARGETED_DEVICE_FAMILY = "1,2";
			};
			name = Release;
		};
		29798EF02D7BB1540095F998 /* Debug */ = {
			isa = XCBuildConfiguration;
			buildSettings = {
				BUNDLE_LOADER = "$(TEST_HOST)";
				CODE_SIGN_STYLE = Automatic;
				CURRENT_PROJECT_VERSION = 1;
				DEVELOPMENT_TEAM = MQR29JMG4D;
				GENERATE_INFOPLIST_FILE = YES;
				IPHONEOS_DEPLOYMENT_TARGET = 18.2;
				MARKETING_VERSION = 1.0;
				PRODUCT_BUNDLE_IDENTIFIER = roboduo.UnpluggedTests;
				PRODUCT_NAME = "$(TARGET_NAME)";
				SWIFT_EMIT_LOC_STRINGS = NO;
				SWIFT_VERSION = 5.0;
				TARGETED_DEVICE_FAMILY = "1,2";
				TEST_HOST = "$(BUILT_PRODUCTS_DIR)/Unplugged.app/$(BUNDLE_EXECUTABLE_FOLDER_PATH)/Unplugged";
			};
			name = Debug;
		};
		29798EF12D7BB1540095F998 /* Release */ = {
			isa = XCBuildConfiguration;
			buildSettings = {
				BUNDLE_LOADER = "$(TEST_HOST)";
				CODE_SIGN_STYLE = Automatic;
				CURRENT_PROJECT_VERSION = 1;
				DEVELOPMENT_TEAM = MQR29JMG4D;
				GENERATE_INFOPLIST_FILE = YES;
				IPHONEOS_DEPLOYMENT_TARGET = 18.2;
				MARKETING_VERSION = 1.0;
				PRODUCT_BUNDLE_IDENTIFIER = roboduo.UnpluggedTests;
				PRODUCT_NAME = "$(TARGET_NAME)";
				SWIFT_EMIT_LOC_STRINGS = NO;
				SWIFT_VERSION = 5.0;
				TARGETED_DEVICE_FAMILY = "1,2";
				TEST_HOST = "$(BUILT_PRODUCTS_DIR)/Unplugged.app/$(BUNDLE_EXECUTABLE_FOLDER_PATH)/Unplugged";
			};
			name = Release;
		};
		29798EF32D7BB1540095F998 /* Debug */ = {
			isa = XCBuildConfiguration;
			buildSettings = {
				CODE_SIGN_STYLE = Automatic;
				CURRENT_PROJECT_VERSION = 1;
				DEVELOPMENT_TEAM = MQR29JMG4D;
				GENERATE_INFOPLIST_FILE = YES;
				MARKETING_VERSION = 1.0;
				PRODUCT_BUNDLE_IDENTIFIER = roboduo.UnpluggedUITests;
				PRODUCT_NAME = "$(TARGET_NAME)";
				SWIFT_EMIT_LOC_STRINGS = NO;
				SWIFT_VERSION = 5.0;
				TARGETED_DEVICE_FAMILY = "1,2";
				TEST_TARGET_NAME = Unplugged;
			};
			name = Debug;
		};
		29798EF42D7BB1540095F998 /* Release */ = {
			isa = XCBuildConfiguration;
			buildSettings = {
				CODE_SIGN_STYLE = Automatic;
				CURRENT_PROJECT_VERSION = 1;
				DEVELOPMENT_TEAM = MQR29JMG4D;
				GENERATE_INFOPLIST_FILE = YES;
				MARKETING_VERSION = 1.0;
				PRODUCT_BUNDLE_IDENTIFIER = roboduo.UnpluggedUITests;
				PRODUCT_NAME = "$(TARGET_NAME)";
				SWIFT_EMIT_LOC_STRINGS = NO;
				SWIFT_VERSION = 5.0;
				TARGETED_DEVICE_FAMILY = "1,2";
				TEST_TARGET_NAME = Unplugged;
			};
			name = Release;
		};
/* End XCBuildConfiguration section */

/* Begin XCConfigurationList section */
		29798EC32D7BB1520095F998 /* Build configuration list for PBXProject "Unplugged" */ = {
			isa = XCConfigurationList;
			buildConfigurations = (
				29798EEA2D7BB1540095F998 /* Debug */,
				29798EEB2D7BB1540095F998 /* Release */,
			);
			defaultConfigurationIsVisible = 0;
			defaultConfigurationName = Release;
		};
		29798EEC2D7BB1540095F998 /* Build configuration list for PBXNativeTarget "Unplugged" */ = {
			isa = XCConfigurationList;
			buildConfigurations = (
				29798EED2D7BB1540095F998 /* Debug */,
				29798EEE2D7BB1540095F998 /* Release */,
			);
			defaultConfigurationIsVisible = 0;
			defaultConfigurationName = Release;
		};
		29798EEF2D7BB1540095F998 /* Build configuration list for PBXNativeTarget "UnpluggedTests" */ = {
			isa = XCConfigurationList;
			buildConfigurations = (
				29798EF02D7BB1540095F998 /* Debug */,
				29798EF12D7BB1540095F998 /* Release */,
			);
			defaultConfigurationIsVisible = 0;
			defaultConfigurationName = Release;
		};
		29798EF22D7BB1540095F998 /* Build configuration list for PBXNativeTarget "UnpluggedUITests" */ = {
			isa = XCConfigurationList;
			buildConfigurations = (
				29798EF32D7BB1540095F998 /* Debug */,
				29798EF42D7BB1540095F998 /* Release */,
			);
			defaultConfigurationIsVisible = 0;
			defaultConfigurationName = Release;
		};
/* End XCConfigurationList section */
	};
	rootObject = 29798EC02D7BB1520095F998 /* Project object */;
}
